
Microsoft Visual Studio Solution File, Format Version 12.00
# Visual Studio Version 16
VisualStudioVersion = 16.0.30014.187
MinimumVisualStudioVersion = 10.0.40219.1
Project("{FAE04EC0-301F-11D3-BF4B-00C04F79EFBC}") = "Chess", "Chess\Chess.csproj", "{0DF53DCB-6C4A-4869-AFA6-BC6B131FE653}"
EndProject
Project("{FAE04EC0-301F-11D3-BF4B-00C04F79EFBC}") = "Chess.Models", "Chess.Models\Chess.Models.csproj", "{FD1D764F-5701-4A3D-96EF-ACF56626F575}"
EndProject
Global
	GlobalSection(SolutionConfigurationPlatforms) = preSolution
		Debug|Any CPU = Debug|Any CPU
		Release|Any CPU = Release|Any CPU
	EndGlobalSection
	GlobalSection(ProjectConfigurationPlatforms) = postSolution
		{0DF53DCB-6C4A-4869-AFA6-BC6B131FE653}.Debug|Any CPU.ActiveCfg = Debug|Any CPU
		{0DF53DCB-6C4A-4869-AFA6-BC6B131FE653}.Debug|Any CPU.Build.0 = Debug|Any CPU
		{0DF53DCB-6C4A-4869-AFA6-BC6B131FE653}.Release|Any CPU.ActiveCfg = Release|Any CPU
		{0DF53DCB-6C4A-4869-AFA6-BC6B131FE653}.Release|Any CPU.Build.0 = Release|Any CPU
		{FD1D764F-5701-4A3D-96EF-ACF56626F575}.Debug|Any CPU.ActiveCfg = Debug|Any CPU
		{FD1D764F-5701-4A3D-96EF-ACF56626F575}.Debug|Any CPU.Build.0 = Debug|Any CPU
		{FD1D764F-5701-4A3D-96EF-ACF56626F575}.Release|Any CPU.ActiveCfg = Release|Any CPU
		{FD1D764F-5701-4A3D-96EF-ACF56626F575}.Release|Any CPU.Build.0 = Release|Any CPU
	EndGlobalSection
	GlobalSection(SolutionProperties) = preSolution
		HideSolutionNode = FALSE
	EndGlobalSection
	GlobalSection(ExtensibilityGlobals) = postSolution
		SolutionGuid = {F1D72519-1810-415E-8B5D-5A4397165D5E}
	EndGlobalSection
EndGlobal
